
Microsoft Visual Studio Solution File, Format Version 12.00
# Visual Studio 15
VisualStudioVersion = 15.0.27130.2010
MinimumVisualStudioVersion = 10.0.40219.1
Project("{FAE04EC0-301F-11D3-BF4B-00C04F79EFBC}") = "AnimatedGif", "AnimatedGif\AnimatedGif.csproj", "{5D6202A8-CF66-498B-9FEB-DCEC100BDE87}"
EndProject
Project("{FAE04EC0-301F-11D3-BF4B-00C04F79EFBC}") = "ConsoleApp1", "ConsoleApp1\ConsoleApp1.csproj", "{C856BA34-F2BA-4EBF-B010-F3372D69D3D2}"
EndProject
Project("{FAE04EC0-301F-11D3-BF4B-00C04F79EFBC}") = "AnimatedGif.Demo", "AnimatedGif.Demo\AnimatedGif.Demo.csproj", "{DDA7EDF9-2B90-4D3C-8A1D-3E1D844F0C71}"
EndProject
Global
	GlobalSection(SolutionConfigurationPlatforms) = preSolution
		Debug|Any CPU = Debug|Any CPU
		Release|Any CPU = Release|Any CPU
	EndGlobalSection
	GlobalSection(ProjectConfigurationPlatforms) = postSolution
		{5D6202A8-CF66-498B-9FEB-DCEC100BDE87}.Debug|Any CPU.ActiveCfg = Debug|Any CPU
		{5D6202A8-CF66-498B-9FEB-DCEC100BDE87}.Debug|Any CPU.Build.0 = Debug|Any CPU
		{5D6202A8-CF66-498B-9FEB-DCEC100BDE87}.Release|Any CPU.ActiveCfg = Release|Any CPU
		{5D6202A8-CF66-498B-9FEB-DCEC100BDE87}.Release|Any CPU.Build.0 = Release|Any CPU
		{C856BA34-F2BA-4EBF-B010-F3372D69D3D2}.Debug|Any CPU.ActiveCfg = Debug|Any CPU
		{C856BA34-F2BA-4EBF-B010-F3372D69D3D2}.Debug|Any CPU.Build.0 = Debug|Any CPU
		{C856BA34-F2BA-4EBF-B010-F3372D69D3D2}.Release|Any CPU.ActiveCfg = Release|Any CPU
		{C856BA34-F2BA-4EBF-B010-F3372D69D3D2}.Release|Any CPU.Build.0 = Release|Any CPU
		{DDA7EDF9-2B90-4D3C-8A1D-3E1D844F0C71}.Debug|Any CPU.ActiveCfg = Debug|Any CPU
		{DDA7EDF9-2B90-4D3C-8A1D-3E1D844F0C71}.Debug|Any CPU.Build.0 = Debug|Any CPU
		{DDA7EDF9-2B90-4D3C-8A1D-3E1D844F0C71}.Release|Any CPU.ActiveCfg = Release|Any CPU
		{DDA7EDF9-2B90-4D3C-8A1D-3E1D844F0C71}.Release|Any CPU.Build.0 = Release|Any CPU
	EndGlobalSection
	GlobalSection(SolutionProperties) = preSolution
		HideSolutionNode = FALSE
	EndGlobalSection
	GlobalSection(ExtensibilityGlobals) = postSolution
		SolutionGuid = {8F0AE254-6521-4800-9FDA-07A13E272B35}
	EndGlobalSection
EndGlobal
